// !$*UTF8*$!
{
	archiveVersion = 1;
	classes = {
	};
	objectVersion = 50;
	objects = {

/* Begin PBXBuildFile section */
		196503E1218A926F00507181 /* XMWCard.m in Sources */ = {isa = PBXBuildFile; fileRef = 196503E0218A926F00507181 /* XMWCard.m */; };
		19F1C35A218A8601002F34CA /* AppDelegate.m in Sources */ = {isa = PBXBuildFile; fileRef = 19F1C359218A8601002F34CA /* AppDelegate.m */; };
		19F1C360218A8601002F34CA /* Main.storyboard in Resources */ = {isa = PBXBuildFile; fileRef = 19F1C35E218A8601002F34CA /* Main.storyboard */; };
		19F1C362218A8602002F34CA /* Assets.xcassets in Resources */ = {isa = PBXBuildFile; fileRef = 19F1C361218A8602002F34CA /* Assets.xcassets */; };
		19F1C365218A8602002F34CA /* LaunchScreen.storyboard in Resources */ = {isa = PBXBuildFile; fileRef = 19F1C363218A8602002F34CA /* LaunchScreen.storyboard */; };
		19F1C368218A8603002F34CA /* main.m in Sources */ = {isa = PBXBuildFile; fileRef = 19F1C367218A8603002F34CA /* main.m */; };
/* End PBXBuildFile section */

/* Begin PBXFileReference section */
		196503DF218A926F00507181 /* XMWCard.h */ = {isa = PBXFileReference; lastKnownFileType = sourcecode.c.h; path = XMWCard.h; sourceTree = "<group>"; };
		196503E0218A926F00507181 /* XMWCard.m */ = {isa = PBXFileReference; lastKnownFileType = sourcecode.c.objc; path = XMWCard.m; sourceTree = "<group>"; };
		19F1C355218A8601002F34CA /* DeckOfCardsC.app */ = {isa = PBXFileReference; explicitFileType = wrapper.application; includeInIndex = 0; path = DeckOfCardsC.app; sourceTree = BUILT_PRODUCTS_DIR; };
		19F1C358218A8601002F34CA /* AppDelegate.h */ = {isa = PBXFileReference; lastKnownFileType = sourcecode.c.h; path = AppDelegate.h; sourceTree = "<group>"; };
		19F1C359218A8601002F34CA /* AppDelegate.m */ = {isa = PBXFileReference; lastKnownFileType = sourcecode.c.objc; path = AppDelegate.m; sourceTree = "<group>"; };
		19F1C35F218A8601002F34CA /* Base */ = {isa = PBXFileReference; lastKnownFileType = file.storyboard; name = Base; path = Base.lproj/Main.storyboard; sourceTree = "<group>"; };
		19F1C361218A8602002F34CA /* Assets.xcassets */ = {isa = PBXFileReference; lastKnownFileType = folder.assetcatalog; path = Assets.xcassets; sourceTree = "<group>"; };
		19F1C364218A8602002F34CA /* Base */ = {isa = PBXFileReference; lastKnownFileType = file.storyboard; name = Base; path = Base.lproj/LaunchScreen.storyboard; sourceTree = "<group>"; };
		19F1C366218A8603002F34CA /* Info.plist */ = {isa = PBXFileReference; lastKnownFileType = text.plist.xml; path = Info.plist; sourceTree = "<group>"; };
		19F1C367218A8603002F34CA /* main.m */ = {isa = PBXFileReference; lastKnownFileType = sourcecode.c.objc; path = main.m; sourceTree = "<group>"; };
/* End PBXFileReference section */

/* Begin PBXFrameworksBuildPhase section */
		19F1C352218A8601002F34CA /* Frameworks */ = {
			isa = PBXFrameworksBuildPhase;
			buildActionMask = 2147483647;
			files = (
			);
			runOnlyForDeploymentPostprocessing = 0;
		};
/* End PBXFrameworksBuildPhase section */

/* Begin PBXGroup section */
		196503E2218A927300507181 /* Model */ = {
			isa = PBXGroup;
			children = (
				196503DF218A926F00507181 /* XMWCard.h */,
				196503E0218A926F00507181 /* XMWCard.m */,
			);
			path = Model;
			sourceTree = "<group>";
		};
		19F1C34C218A8601002F34CA = {
			isa = PBXGroup;
			children = (
				19F1C357218A8601002F34CA /* DeckOfCardsC */,
				19F1C356218A8601002F34CA /* Products */,
			);
			sourceTree = "<group>";
		};
		19F1C356218A8601002F34CA /* Products */ = {
			isa = PBXGroup;
			children = (
				19F1C355218A8601002F34CA /* DeckOfCardsC.app */,
			);
			name = Products;
			sourceTree = "<group>";
		};
		19F1C357218A8601002F34CA /* DeckOfCardsC */ = {
			isa = PBXGroup;
			children = (
				19F1C36E218A867D002F34CA /* Resources */,
				19F1C36F218A8699002F34CA /* Storyboard */,
				19F1C367218A8603002F34CA /* main.m */,
				196503E2218A927300507181 /* Model */,
			);
			path = DeckOfCardsC;
			sourceTree = "<group>";
		};
		19F1C36E218A867D002F34CA /* Resources */ = {
			isa = PBXGroup;
			children = (
				19F1C361218A8602002F34CA /* Assets.xcassets */,
				19F1C366218A8603002F34CA /* Info.plist */,
				19F1C358218A8601002F34CA /* AppDelegate.h */,
				19F1C359218A8601002F34CA /* AppDelegate.m */,
			);
			path = Resources;
			sourceTree = "<group>";
		};
		19F1C36F218A8699002F34CA /* Storyboard */ = {
			isa = PBXGroup;
			children = (
				19F1C35E218A8601002F34CA /* Main.storyboard */,
				19F1C363218A8602002F34CA /* LaunchScreen.storyboard */,
			);
			path = Storyboard;
			sourceTree = "<group>";
		};
/* End PBXGroup section */

/* Begin PBXNativeTarget section */
		19F1C354218A8601002F34CA /* DeckOfCardsC */ = {
			isa = PBXNativeTarget;
			buildConfigurationList = 19F1C36B218A8603002F34CA /* Build configuration list for PBXNativeTarget "DeckOfCardsC" */;
			buildPhases = (
				19F1C351218A8601002F34CA /* Sources */,
				19F1C352218A8601002F34CA /* Frameworks */,
				19F1C353218A8601002F34CA /* Resources */,
			);
			buildRules = (
			);
			dependencies = (
			);
			name = DeckOfCardsC;
			productName = DeckOfCardsC;
			productReference = 19F1C355218A8601002F34CA /* DeckOfCardsC.app */;
			productType = "com.apple.product-type.application";
		};
/* End PBXNativeTarget section */

/* Begin PBXProject section */
		19F1C34D218A8601002F34CA /* Project object */ = {
			isa = PBXProject;
			attributes = {
				CLASSPREFIX = XMW;
				LastUpgradeCheck = 1000;
				ORGANIZATIONNAME = "Xavier ios dev";
				TargetAttributes = {
					19F1C354218A8601002F34CA = {
						CreatedOnToolsVersion = 10.0;
					};
				};
			};
			buildConfigurationList = 19F1C350218A8601002F34CA /* Build configuration list for PBXProject "DeckOfCardsC" */;
			compatibilityVersion = "Xcode 9.3";
			developmentRegion = en;
			hasScannedForEncodings = 0;
			knownRegions = (
				en,
				Base,
			);
			mainGroup = 19F1C34C218A8601002F34CA;
			productRefGroup = 19F1C356218A8601002F34CA /* Products */;
			projectDirPath = "";
			projectRoot = "";
			targets = (
				19F1C354218A8601002F34CA /* DeckOfCardsC */,
			);
		};
/* End PBXProject section */

/* Begin PBXResourcesBuildPhase section */
		19F1C353218A8601002F34CA /* Resources */ = {
			isa = PBXResourcesBuildPhase;
			buildActionMask = 2147483647;
			files = (
				19F1C365218A8602002F34CA /* LaunchScreen.storyboard in Resources */,
				19F1C362218A8602002F34CA /* Assets.xcassets in Resources */,
				19F1C360218A8601002F34CA /* Main.storyboard in Resources */,
			);
			runOnlyForDeploymentPostprocessing = 0;
		};
/* End PBXResourcesBuildPhase section */

/* Begin PBXSourcesBuildPhase section */
		19F1C351218A8601002F34CA /* Sources */ = {
			isa = PBXSourcesBuildPhase;
			buildActionMask = 2147483647;
			files = (
				19F1C368218A8603002F34CA /* main.m in Sources */,
				196503E1218A926F00507181 /* XMWCard.m in Sources */,
				19F1C35A218A8601002F34CA /* AppDelegate.m in Sources */,
			);
			runOnlyForDeploymentPostprocessing = 0;
		};
/* End PBXSourcesBuildPhase section */

/* Begin PBXVariantGroup section */
		19F1C35E218A8601002F34CA /* Main.storyboard */ = {
			isa = PBXVariantGroup;
			children = (
				19F1C35F218A8601002F34CA /* Base */,
			);
			name = Main.storyboard;
			sourceTree = "<group>";
		};
		19F1C363218A8602002F34CA /* LaunchScreen.storyboard */ = {
			isa = PBXVariantGroup;
			children = (
				19F1C364218A8602002F34CA /* Base */,
			);
			name = LaunchScreen.storyboard;
			sourceTree = "<group>";
		};
/* End PBXVariantGroup section */

/* Begin XCBuildConfiguration section */
		19F1C369218A8603002F34CA /* Debug */ = {
			isa = XCBuildConfiguration;
			buildSettings = {
				ALWAYS_SEARCH_USER_PATHS = NO;
				CLANG_ANALYZER_NONNULL = YES;
				CLANG_ANALYZER_NUMBER_OBJECT_CONVERSION = YES_AGGRESSIVE;
				CLANG_CXX_LANGUAGE_STANDARD = "gnu++14";
				CLANG_CXX_LIBRARY = "libc++";
				CLANG_ENABLE_MODULES = YES;
				CLANG_ENABLE_OBJC_ARC = YES;
				CLANG_ENABLE_OBJC_WEAK = YES;
				CLANG_WARN_BLOCK_CAPTURE_AUTORELEASING = YES;
				CLANG_WARN_BOOL_CONVERSION = YES;
				CLANG_WARN_COMMA = YES;
				CLANG_WARN_CONSTANT_CONVERSION = YES;
				CLANG_WARN_DEPRECATED_OBJC_IMPLEMENTATIONS = YES;
				CLANG_WARN_DIRECT_OBJC_ISA_USAGE = YES_ERROR;
				CLANG_WARN_DOCUMENTATION_COMMENTS = YES;
				CLANG_WARN_EMPTY_BODY = YES;
				CLANG_WARN_ENUM_CONVERSION = YES;
				CLANG_WARN_INFINITE_RECURSION = YES;
				CLANG_WARN_INT_CONVERSION = YES;
				CLANG_WARN_NON_LITERAL_NULL_CONVERSION = YES;
				CLANG_WARN_OBJC_IMPLICIT_RETAIN_SELF = YES;
				CLANG_WARN_OBJC_LITERAL_CONVERSION = YES;
				CLANG_WARN_OBJC_ROOT_CLASS = YES_ERROR;
				CLANG_WARN_RANGE_LOOP_ANALYSIS = YES;
				CLANG_WARN_STRICT_PROTOTYPES = YES;
				CLANG_WARN_SUSPICIOUS_MOVE = YES;
				CLANG_WARN_UNGUARDED_AVAILABILITY = YES_AGGRESSIVE;
				CLANG_WARN_UNREACHABLE_CODE = YES;
				CLANG_WARN__DUPLICATE_METHOD_MATCH = YES;
				CODE_SIGN_IDENTITY = "iPhone Developer";
				COPY_PHASE_STRIP = NO;
				DEBUG_INFORMATION_FORMAT = dwarf;
				ENABLE_STRICT_OBJC_MSGSEND = YES;
				ENABLE_TESTABILITY = YES;
				GCC_C_LANGUAGE_STANDARD = gnu11;
				GCC_DYNAMIC_NO_PIC = NO;
				GCC_NO_COMMON_BLOCKS = YES;
				GCC_OPTIMIZATION_LEVEL = 0;
				GCC_PREPROCESSOR_DEFINITIONS = (
					"DEBUG=1",
					"$(inherited)",
				);
				GCC_WARN_64_TO_32_BIT_CONVERSION = YES;
				GCC_WARN_ABOUT_RETURN_TYPE = YES_ERROR;
				GCC_WARN_UNDECLARED_SELECTOR = YES;
				GCC_WARN_UNINITIALIZED_AUTOS = YES_AGGRESSIVE;
				GCC_WARN_UNUSED_FUNCTION = YES;
				GCC_WARN_UNUSED_VARIABLE = YES;
				IPHONEOS_DEPLOYMENT_TARGET = 12.0;
				MTL_ENABLE_DEBUG_INFO = INCLUDE_SOURCE;
				MTL_FAST_MATH = YES;
				ONLY_ACTIVE_ARCH = YES;
				SDKROOT = iphoneos;
			};
			name = Debug;
		};
		19F1C36A218A8603002F34CA /* Release */ = {
			isa = XCBuildConfiguration;
			buildSettings = {
				ALWAYS_SEARCH_USER_PATHS = NO;
				CLANG_ANALYZER_NONNULL = YES;
				CLANG_ANALYZER_NUMBER_OBJECT_CONVERSION = YES_AGGRESSIVE;
				CLANG_CXX_LANGUAGE_STANDARD = "gnu++14";
				CLANG_CXX_LIBRARY = "libc++";
				CLANG_ENABLE_MODULES = YES;
				CLANG_ENABLE_OBJC_ARC = YES;
				CLANG_ENABLE_OBJC_WEAK = YES;
				CLANG_WARN_BLOCK_CAPTURE_AUTORELEASING = YES;
				CLANG_WARN_BOOL_CONVERSION = YES;
				CLANG_WARN_COMMA = YES;
				CLANG_WARN_CONSTANT_CONVERSION = YES;
				CLANG_WARN_DEPRECATED_OBJC_IMPLEMENTATIONS = YES;
				CLANG_WARN_DIRECT_OBJC_ISA_USAGE = YES_ERROR;
				CLANG_WARN_DOCUMENTATION_COMMENTS = YES;
				CLANG_WARN_EMPTY_BODY = YES;
				CLANG_WARN_ENUM_CONVERSION = YES;
				CLANG_WARN_INFINITE_RECURSION = YES;
				CLANG_WARN_INT_CONVERSION = YES;
				CLANG_WARN_NON_LITERAL_NULL_CONVERSION = YES;
				CLANG_WARN_OBJC_IMPLICIT_RETAIN_SELF = YES;
				CLANG_WARN_OBJC_LITERAL_CONVERSION = YES;
				CLANG_WARN_OBJC_ROOT_CLASS = YES_ERROR;
				CLANG_WARN_RANGE_LOOP_ANALYSIS = YES;
				CLANG_WARN_STRICT_PROTOTYPES = YES;
				CLANG_WARN_SUSPICIOUS_MOVE = YES;
				CLANG_WARN_UNGUARDED_AVAILABILITY = YES_AGGRESSIVE;
				CLANG_WARN_UNREACHABLE_CODE = YES;
				CLANG_WARN__DUPLICATE_METHOD_MATCH = YES;
				CODE_SIGN_IDENTITY = "iPhone Developer";
				COPY_PHASE_STRIP = NO;
				DEBUG_INFORMATION_FORMAT = "dwarf-with-dsym";
				ENABLE_NS_ASSERTIONS = NO;
				ENABLE_STRICT_OBJC_MSGSEND = YES;
				GCC_C_LANGUAGE_STANDARD = gnu11;
				GCC_NO_COMMON_BLOCKS = YES;
				GCC_WARN_64_TO_32_BIT_CONVERSION = YES;
				GCC_WARN_ABOUT_RETURN_TYPE = YES_ERROR;
				GCC_WARN_UNDECLARED_SELECTOR = YES;
				GCC_WARN_UNINITIALIZED_AUTOS = YES_AGGRESSIVE;
				GCC_WARN_UNUSED_FUNCTION = YES;
				GCC_WARN_UNUSED_VARIABLE = YES;
				IPHONEOS_DEPLOYMENT_TARGET = 12.0;
				MTL_ENABLE_DEBUG_INFO = NO;
				MTL_FAST_MATH = YES;
				SDKROOT = iphoneos;
				VALIDATE_PRODUCT = YES;
			};
			name = Release;
		};
		19F1C36C218A8603002F34CA /* Debug */ = {
			isa = XCBuildConfiguration;
			buildSettings = {
				ASSETCATALOG_COMPILER_APPICON_NAME = AppIcon;
				CODE_SIGN_STYLE = Automatic;
				DEVELOPMENT_TEAM = 57CQ48CJGQ;
				INFOPLIST_FILE = "$(SRCROOT)/DeckOfCardsC/Resources/Info.plist";
				LD_RUNPATH_SEARCH_PATHS = (
					"$(inherited)",
					"@executable_path/Frameworks",
				);
				PRODUCT_BUNDLE_IDENTIFIER = COM.Xavierwatts.DeckOfCardsC;
				PRODUCT_NAME = "$(TARGET_NAME)";
				TARGETED_DEVICE_FAMILY = "1,2";
			};
			name = Debug;
		};
		19F1C36D218A8603002F34CA /* Release */ = {
			isa = XCBuildConfiguration;
			buildSettings = {
				ASSETCATALOG_COMPILER_APPICON_NAME = AppIcon;
				CODE_SIGN_STYLE = Automatic;
				DEVELOPMENT_TEAM = 57CQ48CJGQ;
				INFOPLIST_FILE = "$(SRCROOT)/DeckOfCardsC/Resources/Info.plist";
				LD_RUNPATH_SEARCH_PATHS = (
					"$(inherited)",
					"@executable_path/Frameworks",
				);
				PRODUCT_BUNDLE_IDENTIFIER = COM.Xavierwatts.DeckOfCardsC;
				PRODUCT_NAME = "$(TARGET_NAME)";
				TARGETED_DEVICE_FAMILY = "1,2";
			};
			name = Release;
		};
/* End XCBuildConfiguration section */

/* Begin XCConfigurationList section */
		19F1C350218A8601002F34CA /* Build configuration list for PBXProject "DeckOfCardsC" */ = {
			isa = XCConfigurationList;
			buildConfigurations = (
				19F1C369218A8603002F34CA /* Debug */,
				19F1C36A218A8603002F34CA /* Release */,
			);
			defaultConfigurationIsVisible = 0;
			defaultConfigurationName = Release;
		};
		19F1C36B218A8603002F34CA /* Build configuration list for PBXNativeTarget "DeckOfCardsC" */ = {
			isa = XCConfigurationList;
			buildConfigurations = (
				19F1C36C218A8603002F34CA /* Debug */,
				19F1C36D218A8603002F34CA /* Release */,
			);
			defaultConfigurationIsVisible = 0;
			defaultConfigurationName = Release;
		};
/* End XCConfigurationList section */
	};
	rootObject = 19F1C34D218A8601002F34CA /* Project object */;
}
